
Microsoft Visual Studio Solution File, Format Version 12.00
# Visual Studio Version 17
VisualStudioVersion = 17.14.36811.4 d17.14
MinimumVisualStudioVersion = 10.0.40219.1
Project("{FAE04EC0-301F-11D3-BF4B-00C04F79EFBC}") = "Ефимова_пр2", "Ефимова_пр2\Ефимова_пр2.csproj", "{364D71B0-604A-4869-9B98-0C80BC2DE22F}"
EndProject
Project("{FAE04EC0-301F-11D3-BF4B-00C04F79EFBC}") = "Ефимова_пр2_библиотека", "Ефимова_пр2_библиотека\Ефимова_пр2_библиотека.csproj", "{0806FEA5-0A60-4203-86C9-1125131F6F7E}"
EndProject
Project("{FAE04EC0-301F-11D3-BF4B-00C04F79EFBC}") = "Ефимова_пр2_тест", "Ефимова_пр2_тест\Ефимова_пр2_тест.csproj", "{354B79E5-3B04-4D30-93CB-20F4F184100C}"
EndProject
Global
	GlobalSection(SolutionConfigurationPlatforms) = preSolution
		Debug|Any CPU = Debug|Any CPU
		Release|Any CPU = Release|Any CPU
	EndGlobalSection
	GlobalSection(ProjectConfigurationPlatforms) = postSolution
		{364D71B0-604A-4869-9B98-0C80BC2DE22F}.Debug|Any CPU.ActiveCfg = Debug|Any CPU
		{364D71B0-604A-4869-9B98-0C80BC2DE22F}.Debug|Any CPU.Build.0 = Debug|Any CPU
		{364D71B0-604A-4869-9B98-0C80BC2DE22F}.Release|Any CPU.ActiveCfg = Release|Any CPU
		{364D71B0-604A-4869-9B98-0C80BC2DE22F}.Release|Any CPU.Build.0 = Release|Any CPU
		{0806FEA5-0A60-4203-86C9-1125131F6F7E}.Debug|Any CPU.ActiveCfg = Debug|Any CPU
		{0806FEA5-0A60-4203-86C9-1125131F6F7E}.Debug|Any CPU.Build.0 = Debug|Any CPU
		{0806FEA5-0A60-4203-86C9-1125131F6F7E}.Release|Any CPU.ActiveCfg = Release|Any CPU
		{0806FEA5-0A60-4203-86C9-1125131F6F7E}.Release|Any CPU.Build.0 = Release|Any CPU
		{354B79E5-3B04-4D30-93CB-20F4F184100C}.Debug|Any CPU.ActiveCfg = Debug|Any CPU
		{354B79E5-3B04-4D30-93CB-20F4F184100C}.Debug|Any CPU.Build.0 = Debug|Any CPU
		{354B79E5-3B04-4D30-93CB-20F4F184100C}.Release|Any CPU.ActiveCfg = Release|Any CPU
		{354B79E5-3B04-4D30-93CB-20F4F184100C}.Release|Any CPU.Build.0 = Release|Any CPU
	EndGlobalSection
	GlobalSection(SolutionProperties) = preSolution
		HideSolutionNode = FALSE
	EndGlobalSection
	GlobalSection(ExtensibilityGlobals) = postSolution
		SolutionGuid = {C7C8786C-1F51-453F-94B2-39EC2D00C187}
	EndGlobalSection
EndGlobal
